// !$*UTF8*$!
{
	archiveVersion = 1;
	classes = {
	};
	objectVersion = 46;
	objects = {

/* Begin PBXBuildFile section */
		9B92DBF71C7C879100CB9A26 /* AppDelegate.swift in Sources */ = {isa = PBXBuildFile; fileRef = 9B92DBF61C7C879100CB9A26 /* AppDelegate.swift */; };
		9B92DBF91C7C879100CB9A26 /* ViewController.swift in Sources */ = {isa = PBXBuildFile; fileRef = 9B92DBF81C7C879100CB9A26 /* ViewController.swift */; };
		9B92DBFC1C7C879100CB9A26 /* Main.storyboard in Resources */ = {isa = PBXBuildFile; fileRef = 9B92DBFA1C7C879100CB9A26 /* Main.storyboard */; };
		9B92DBFE1C7C879100CB9A26 /* Assets.xcassets in Resources */ = {isa = PBXBuildFile; fileRef = 9B92DBFD1C7C879100CB9A26 /* Assets.xcassets */; };
		9B92DC011C7C879100CB9A26 /* LaunchScreen.storyboard in Resources */ = {isa = PBXBuildFile; fileRef = 9B92DBFF1C7C879100CB9A26 /* LaunchScreen.storyboard */; };
		9B92DC091C7C884E00CB9A26 /* DialogViewController.swift in Sources */ = {isa = PBXBuildFile; fileRef = 9B92DC081C7C884E00CB9A26 /* DialogViewController.swift */; };
		9B92DC0B1C7C887C00CB9A26 /* DialogViewController.xib in Resources */ = {isa = PBXBuildFile; fileRef = 9B92DC0A1C7C887C00CB9A26 /* DialogViewController.xib */; };
/* End PBXBuildFile section */

/* Begin PBXFileReference section */
		9B92DBF31C7C879100CB9A26 /* DialogTest.app */ = {isa = PBXFileReference; explicitFileType = wrapper.application; includeInIndex = 0; path = DialogTest.app; sourceTree = BUILT_PRODUCTS_DIR; };
		9B92DBF61C7C879100CB9A26 /* AppDelegate.swift */ = {isa = PBXFileReference; lastKnownFileType = sourcecode.swift; path = AppDelegate.swift; sourceTree = "<group>"; };
		9B92DBF81C7C879100CB9A26 /* ViewController.swift */ = {isa = PBXFileReference; lastKnownFileType = sourcecode.swift; path = ViewController.swift; sourceTree = "<group>"; };
		9B92DBFB1C7C879100CB9A26 /* Base */ = {isa = PBXFileReference; lastKnownFileType = file.storyboard; name = Base; path = Base.lproj/Main.storyboard; sourceTree = "<group>"; };
		9B92DBFD1C7C879100CB9A26 /* Assets.xcassets */ = {isa = PBXFileReference; lastKnownFileType = folder.assetcatalog; path = Assets.xcassets; sourceTree = "<group>"; };
		9B92DC001C7C879100CB9A26 /* Base */ = {isa = PBXFileReference; lastKnownFileType = file.storyboard; name = Base; path = Base.lproj/LaunchScreen.storyboard; sourceTree = "<group>"; };
		9B92DC021C7C879100CB9A26 /* Info.plist */ = {isa = PBXFileReference; lastKnownFileType = text.plist.xml; path = Info.plist; sourceTree = "<group>"; };
		9B92DC081C7C884E00CB9A26 /* DialogViewController.swift */ = {isa = PBXFileReference; fileEncoding = 4; lastKnownFileType = sourcecode.swift; path = DialogViewController.swift; sourceTree = "<group>"; };
		9B92DC0A1C7C887C00CB9A26 /* DialogViewController.xib */ = {isa = PBXFileReference; fileEncoding = 4; lastKnownFileType = file.xib; path = DialogViewController.xib; sourceTree = "<group>"; };
/* End PBXFileReference section */

/* Begin PBXFrameworksBuildPhase section */
		9B92DBF01C7C879100CB9A26 /* Frameworks */ = {
			isa = PBXFrameworksBuildPhase;
			buildActionMask = 2147483647;
			files = (
			);
			runOnlyForDeploymentPostprocessing = 0;
		};
/* End PBXFrameworksBuildPhase section */

/* Begin PBXGroup section */
		9B92DBEA1C7C879100CB9A26 = {
			isa = PBXGroup;
			children = (
				9B92DBF51C7C879100CB9A26 /* DialogTest */,
				9B92DBF41C7C879100CB9A26 /* Products */,
			);
			sourceTree = "<group>";
		};
		9B92DBF41C7C879100CB9A26 /* Products */ = {
			isa = PBXGroup;
			children = (
				9B92DBF31C7C879100CB9A26 /* DialogTest.app */,
			);
			name = Products;
			sourceTree = "<group>";
		};
		9B92DBF51C7C879100CB9A26 /* DialogTest */ = {
			isa = PBXGroup;
			children = (
				9B92DBF61C7C879100CB9A26 /* AppDelegate.swift */,
				9B92DBF81C7C879100CB9A26 /* ViewController.swift */,
				9B92DBFA1C7C879100CB9A26 /* Main.storyboard */,
				9B92DBFD1C7C879100CB9A26 /* Assets.xcassets */,
				9B92DBFF1C7C879100CB9A26 /* LaunchScreen.storyboard */,
				9B92DC021C7C879100CB9A26 /* Info.plist */,
				9B92DC081C7C884E00CB9A26 /* DialogViewController.swift */,
				9B92DC0A1C7C887C00CB9A26 /* DialogViewController.xib */,
			);
			path = DialogTest;
			sourceTree = "<group>";
		};
/* End PBXGroup section */

/* Begin PBXNativeTarget section */
		9B92DBF21C7C879100CB9A26 /* DialogTest */ = {
			isa = PBXNativeTarget;
			buildConfigurationList = 9B92DC051C7C879100CB9A26 /* Build configuration list for PBXNativeTarget "DialogTest" */;
			buildPhases = (
				9B92DBEF1C7C879100CB9A26 /* Sources */,
				9B92DBF01C7C879100CB9A26 /* Frameworks */,
				9B92DBF11C7C879100CB9A26 /* Resources */,
			);
			buildRules = (
			);
			dependencies = (
			);
			name = DialogTest;
			productName = DialogTest;
			productReference = 9B92DBF31C7C879100CB9A26 /* DialogTest.app */;
			productType = "com.apple.product-type.application";
		};
/* End PBXNativeTarget section */

/* Begin PBXProject section */
		9B92DBEB1C7C879100CB9A26 /* Project object */ = {
			isa = PBXProject;
			attributes = {
				LastSwiftUpdateCheck = 0720;
				LastUpgradeCheck = 0720;
				ORGANIZATIONNAME = "Tamas Balogh";
				TargetAttributes = {
					9B92DBF21C7C879100CB9A26 = {
						CreatedOnToolsVersion = 7.2;
					};
				};
			};
			buildConfigurationList = 9B92DBEE1C7C879100CB9A26 /* Build configuration list for PBXProject "DialogTest" */;
			compatibilityVersion = "Xcode 3.2";
			developmentRegion = English;
			hasScannedForEncodings = 0;
			knownRegions = (
				en,
				Base,
			);
			mainGroup = 9B92DBEA1C7C879100CB9A26;
			productRefGroup = 9B92DBF41C7C879100CB9A26 /* Products */;
			projectDirPath = "";
			projectRoot = "";
			targets = (
				9B92DBF21C7C879100CB9A26 /* DialogTest */,
			);
		};
/* End PBXProject section */

/* Begin PBXResourcesBuildPhase section */
		9B92DBF11C7C879100CB9A26 /* Resources */ = {
			isa = PBXResourcesBuildPhase;
			buildActionMask = 2147483647;
			files = (
				9B92DC0B1C7C887C00CB9A26 /* DialogViewController.xib in Resources */,
				9B92DC011C7C879100CB9A26 /* LaunchScreen.storyboard in Resources */,
				9B92DBFE1C7C879100CB9A26 /* Assets.xcassets in Resources */,
				9B92DBFC1C7C879100CB9A26 /* Main.storyboard in Resources */,
			);
			runOnlyForDeploymentPostprocessing = 0;
		};
/* End PBXResourcesBuildPhase section */

/* Begin PBXSourcesBuildPhase section */
		9B92DBEF1C7C879100CB9A26 /* Sources */ = {
			isa = PBXSourcesBuildPhase;
			buildActionMask = 2147483647;
			files = (
				9B92DBF91C7C879100CB9A26 /* ViewController.swift in Sources */,
				9B92DBF71C7C879100CB9A26 /* AppDelegate.swift in Sources */,
				9B92DC091C7C884E00CB9A26 /* DialogViewController.swift in Sources */,
			);
			runOnlyForDeploymentPostprocessing = 0;
		};
/* End PBXSourcesBuildPhase section */

/* Begin PBXVariantGroup section */
		9B92DBFA1C7C879100CB9A26 /* Main.storyboard */ = {
			isa = PBXVariantGroup;
			children = (
				9B92DBFB1C7C879100CB9A26 /* Base */,
			);
			name = Main.storyboard;
			sourceTree = "<group>";
		};
		9B92DBFF1C7C879100CB9A26 /* LaunchScreen.storyboard */ = {
			isa = PBXVariantGroup;
			children = (
				9B92DC001C7C879100CB9A26 /* Base */,
			);
			name = LaunchScreen.storyboard;
			sourceTree = "<group>";
		};
/* End PBXVariantGroup section */

/* Begin XCBuildConfiguration section */
		9B92DC031C7C879100CB9A26 /* Debug */ = {
			isa = XCBuildConfiguration;
			buildSettings = {
				ALWAYS_SEARCH_USER_PATHS = NO;
				CLANG_CXX_LANGUAGE_STANDARD = "gnu++0x";
				CLANG_CXX_LIBRARY = "libc++";
				CLANG_ENABLE_MODULES = YES;
				CLANG_ENABLE_OBJC_ARC = YES;
				CLANG_WARN_BOOL_CONVERSION = YES;
				CLANG_WARN_CONSTANT_CONVERSION = YES;
				CLANG_WARN_DIRECT_OBJC_ISA_USAGE = YES_ERROR;
				CLANG_WARN_EMPTY_BODY = YES;
				CLANG_WARN_ENUM_CONVERSION = YES;
				CLANG_WARN_INT_CONVERSION = YES;
				CLANG_WARN_OBJC_ROOT_CLASS = YES_ERROR;
				CLANG_WARN_UNREACHABLE_CODE = YES;
				CLANG_WARN__DUPLICATE_METHOD_MATCH = YES;
				"CODE_SIGN_IDENTITY[sdk=iphoneos*]" = "iPhone Developer";
				COPY_PHASE_STRIP = NO;
				DEBUG_INFORMATION_FORMAT = dwarf;
				ENABLE_STRICT_OBJC_MSGSEND = YES;
				ENABLE_TESTABILITY = YES;
				GCC_C_LANGUAGE_STANDARD = gnu99;
				GCC_DYNAMIC_NO_PIC = NO;
				GCC_NO_COMMON_BLOCKS = YES;
				GCC_OPTIMIZATION_LEVEL = 0;
				GCC_PREPROCESSOR_DEFINITIONS = (
					"DEBUG=1",
					"$(inherited)",
				);
				GCC_WARN_64_TO_32_BIT_CONVERSION = YES;
				GCC_WARN_ABOUT_RETURN_TYPE = YES_ERROR;
				GCC_WARN_UNDECLARED_SELECTOR = YES;
				GCC_WARN_UNINITIALIZED_AUTOS = YES_AGGRESSIVE;
				GCC_WARN_UNUSED_FUNCTION = YES;
				GCC_WARN_UNUSED_VARIABLE = YES;
				IPHONEOS_DEPLOYMENT_TARGET = 9.2;
				MTL_ENABLE_DEBUG_INFO = YES;
				ONLY_ACTIVE_ARCH = YES;
				SDKROOT = iphoneos;
				SWIFT_OPTIMIZATION_LEVEL = "-Onone";
				TARGETED_DEVICE_FAMILY = "1,2";
			};
			name = Debug;
		};
		9B92DC041C7C879100CB9A26 /* Release */ = {
			isa = XCBuildConfiguration;
			buildSettings = {
				ALWAYS_SEARCH_USER_PATHS = NO;
				CLANG_CXX_LANGUAGE_STANDARD = "gnu++0x";
				CLANG_CXX_LIBRARY = "libc++";
				CLANG_ENABLE_MODULES = YES;
				CLANG_ENABLE_OBJC_ARC = YES;
				CLANG_WARN_BOOL_CONVERSION = YES;
				CLANG_WARN_CONSTANT_CONVERSION = YES;
				CLANG_WARN_DIRECT_OBJC_ISA_USAGE = YES_ERROR;
				CLANG_WARN_EMPTY_BODY = YES;
				CLANG_WARN_ENUM_CONVERSION = YES;
				CLANG_WARN_INT_CONVERSION = YES;
				CLANG_WARN_OBJC_ROOT_CLASS = YES_ERROR;
				CLANG_WARN_UNREACHABLE_CODE = YES;
				CLANG_WARN__DUPLICATE_METHOD_MATCH = YES;
				"CODE_SIGN_IDENTITY[sdk=iphoneos*]" = "iPhone Developer";
				COPY_PHASE_STRIP = NO;
				DEBUG_INFORMATION_FORMAT = "dwarf-with-dsym";
				ENABLE_NS_ASSERTIONS = NO;
				ENABLE_STRICT_OBJC_MSGSEND = YES;
				GCC_C_LANGUAGE_STANDARD = gnu99;
				GCC_NO_COMMON_BLOCKS = YES;
				GCC_WARN_64_TO_32_BIT_CONVERSION = YES;
				GCC_WARN_ABOUT_RETURN_TYPE = YES_ERROR;
				GCC_WARN_UNDECLARED_SELECTOR = YES;
				GCC_WARN_UNINITIALIZED_AUTOS = YES_AGGRESSIVE;
				GCC_WARN_UNUSED_FUNCTION = YES;
				GCC_WARN_UNUSED_VARIABLE = YES;
				IPHONEOS_DEPLOYMENT_TARGET = 9.2;
				MTL_ENABLE_DEBUG_INFO = NO;
				SDKROOT = iphoneos;
				TARGETED_DEVICE_FAMILY = "1,2";
				VALIDATE_PRODUCT = YES;
			};
			name = Release;
		};
		9B92DC061C7C879100CB9A26 /* Debug */ = {
			isa = XCBuildConfiguration;
			buildSettings = {
				ASSETCATALOG_COMPILER_APPICON_NAME = AppIcon;
				INFOPLIST_FILE = DialogTest/Info.plist;
				LD_RUNPATH_SEARCH_PATHS = "$(inherited) @executable_path/Frameworks";
				PRODUCT_BUNDLE_IDENTIFIER = com.tbalogh.DialogTest;
				PRODUCT_NAME = "$(TARGET_NAME)";
			};
			name = Debug;
		};
		9B92DC071C7C879100CB9A26 /* Release */ = {
			isa = XCBuildConfiguration;
			buildSettings = {
				ASSETCATALOG_COMPILER_APPICON_NAME = AppIcon;
				INFOPLIST_FILE = DialogTest/Info.plist;
				LD_RUNPATH_SEARCH_PATHS = "$(inherited) @executable_path/Frameworks";
				PRODUCT_BUNDLE_IDENTIFIER = com.tbalogh.DialogTest;
				PRODUCT_NAME = "$(TARGET_NAME)";
			};
			name = Release;
		};
/* End XCBuildConfiguration section */

/* Begin XCConfigurationList section */
		9B92DBEE1C7C879100CB9A26 /* Build configuration list for PBXProject "DialogTest" */ = {
			isa = XCConfigurationList;
			buildConfigurations = (
				9B92DC031C7C879100CB9A26 /* Debug */,
				9B92DC041C7C879100CB9A26 /* Release */,
			);
			defaultConfigurationIsVisible = 0;
			defaultConfigurationName = Release;
		};
		9B92DC051C7C879100CB9A26 /* Build configuration list for PBXNativeTarget "DialogTest" */ = {
			isa = XCConfigurationList;
			buildConfigurations = (
				9B92DC061C7C879100CB9A26 /* Debug */,
				9B92DC071C7C879100CB9A26 /* Release */,
			);
			defaultConfigurationIsVisible = 0;
		};
/* End XCConfigurationList section */
	};
	rootObject = 9B92DBEB1C7C879100CB9A26 /* Project object */;
}
